
Microsoft Visual Studio Solution File, Format Version 12.00
# Visual Studio Version 17
VisualStudioVersion = 17.8.34330.188
MinimumVisualStudioVersion = 10.0.40219.1
Project("{FAE04EC0-301F-11D3-BF4B-00C04F79EFBC}") = "week7", "week7\week7.csproj", "{7EAD1778-8C18-45FB-B3BE-02A669A84E71}"
EndProject
Project("{FAE04EC0-301F-11D3-BF4B-00C04F79EFBC}") = "week72", "week72\week72.csproj", "{7CF98480-B62A-43E1-8B2E-E7ECDDD0258C}"
EndProject
Project("{FAE04EC0-301F-11D3-BF4B-00C04F79EFBC}") = "week73", "week73\week73.csproj", "{FA58BFC2-9176-4A9E-8703-F5C0A78F249D}"
EndProject
Global
	GlobalSection(SolutionConfigurationPlatforms) = preSolution
		Debug|Any CPU = Debug|Any CPU
		Release|Any CPU = Release|Any CPU
	EndGlobalSection
	GlobalSection(ProjectConfigurationPlatforms) = postSolution
		{7EAD1778-8C18-45FB-B3BE-02A669A84E71}.Debug|Any CPU.ActiveCfg = Debug|Any CPU
		{7EAD1778-8C18-45FB-B3BE-02A669A84E71}.Debug|Any CPU.Build.0 = Debug|Any CPU
		{7EAD1778-8C18-45FB-B3BE-02A669A84E71}.Release|Any CPU.ActiveCfg = Release|Any CPU
		{7EAD1778-8C18-45FB-B3BE-02A669A84E71}.Release|Any CPU.Build.0 = Release|Any CPU
		{7CF98480-B62A-43E1-8B2E-E7ECDDD0258C}.Debug|Any CPU.ActiveCfg = Debug|Any CPU
		{7CF98480-B62A-43E1-8B2E-E7ECDDD0258C}.Debug|Any CPU.Build.0 = Debug|Any CPU
		{7CF98480-B62A-43E1-8B2E-E7ECDDD0258C}.Release|Any CPU.ActiveCfg = Release|Any CPU
		{7CF98480-B62A-43E1-8B2E-E7ECDDD0258C}.Release|Any CPU.Build.0 = Release|Any CPU
		{FA58BFC2-9176-4A9E-8703-F5C0A78F249D}.Debug|Any CPU.ActiveCfg = Debug|Any CPU
		{FA58BFC2-9176-4A9E-8703-F5C0A78F249D}.Debug|Any CPU.Build.0 = Debug|Any CPU
		{FA58BFC2-9176-4A9E-8703-F5C0A78F249D}.Release|Any CPU.ActiveCfg = Release|Any CPU
		{FA58BFC2-9176-4A9E-8703-F5C0A78F249D}.Release|Any CPU.Build.0 = Release|Any CPU
	EndGlobalSection
	GlobalSection(SolutionProperties) = preSolution
		HideSolutionNode = FALSE
	EndGlobalSection
	GlobalSection(ExtensibilityGlobals) = postSolution
		SolutionGuid = {70487C2F-9853-4280-82F5-68FF8E9A1918}
	EndGlobalSection
EndGlobal
